# This file is automatically @generated by Cargo.
# It is not intended for manual editing.
version = 4

[[package]]
name = "agent-loom-adapter-core"
version = "0.1.0"
dependencies = [
 "agent-loom-domain",
]

[[package]]
name = "agent-loom-domain"
version = "0.1.0"

[[package]]
name = "agent-loom-durable-store"
version = "0.1.0"
dependencies = [
 "agent-loom-domain",
]

[[package]]
name = "agent-loom-provider-conformance"
version = "0.1.0"
dependencies = [
 "agent-loom-durable-store",
 "agent-loom-store-mysql",
 "agent-loom-store-postgres",
]

[[package]]
name = "agent-loom-store-mysql"
version = "0.1.0"
dependencies = [
 "agent-loom-durable-store",
]

[[package]]
name = "agent-loom-store-postgres"
version = "0.1.0"
dependencies = [
 "agent-loom-durable-store",
]
